<?xml version="1.0" encoding="utf-8"?>
<Project ToolsVersion="4.0" xmlns="http://schemas.microsoft.com/developer/msbuild/2003">
  <ItemGroup>
    <Filter Include="Core">
      <UniqueIdentifier>{2EB4837C-1AEB-840D-C3D7-6A10AFED000F}</UniqueIdentifier>
    </Filter>
    <Filter Include="Event">
      <UniqueIdentifier>{E70B220D-5320-4ABE-1CA2-ED1D887546EF}</UniqueIdentifier>
    </Filter>
    <Filter Include="camera">
      <UniqueIdentifier>{EE85E6F5-DA27-11CC-C3E2-2420AF23981C}</UniqueIdentifier>
    </Filter>
    <Filter Include="models">
      <UniqueIdentifier>{2983320E-1525-5DE4-FEDF-7038EA20E434}</UniqueIdentifier>
    </Filter>
    <Filter Include="picking">
      <UniqueIdentifier>{8ACF63AD-F6AE-E248-FFC6-6D1F6B2549AA}</UniqueIdentifier>
    </Filter>
    <Filter Include="renderer">
      <UniqueIdentifier>{9C6AA017-8837-FB22-B150-E9CA9D7C30B1}</UniqueIdentifier>
    </Filter>
    <Filter Include="shaders">
      <UniqueIdentifier>{0F45D591-7B24-542D-843C-DF03F09ABA8E}</UniqueIdentifier>
    </Filter>
    <Filter Include="utils">
      <UniqueIdentifier>{169C8510-82B0-ADC1-4B32-5121B705AAF2}</UniqueIdentifier>
    </Filter>
    <Filter Include="utils\Mesh">
      <UniqueIdentifier>{920F3747-7EC7-7894-E7CE-51F0D3A51385}</UniqueIdentifier>
    </Filter>
    <Filter Include="utils\Mesh\Resource">
      <UniqueIdentifier>{E995A3C4-55F7-80D2-DE64-C7844AC5B791}</UniqueIdentifier>
    </Filter>
    <Filter Include="utils\Mesh\Utils">
      <UniqueIdentifier>{72F6A298-5EEF-C1EA-8721-A76F7379A1F6}</UniqueIdentifier>
    </Filter>
    <Filter Include="utils\UI">
      <UniqueIdentifier>{83FFFC53-6FCC-575F-98E5-450784118DED}</UniqueIdentifier>
    </Filter>
    <Filter Include="utils\material">
      <UniqueIdentifier>{945F297B-802D-1D81-69C1-8DA7552EF9E5}</UniqueIdentifier>
    </Filter>
    <Filter Include="windows">
      <UniqueIdentifier>{70CAFEC8-DCA9-7D64-E5C1-083B5120E4C5}</UniqueIdentifier>
    </Filter>
  </ItemGroup>
  <ItemGroup>
    <ClInclude Include="src\Application.h" />
    <ClInclude Include="src\Ball.h" />
    <ClInclude Include="src\Core\Input.h">
      <Filter>Core</Filter>
    </ClInclude>
    <ClInclude Include="src\Core\Keycodes.h">
      <Filter>Core</Filter>
    </ClInclude>
    <ClInclude Include="src\Core\Layer.h">
      <Filter>Core</Filter>
    </ClInclude>
    <ClInclude Include="src\Core\LayerStack.h">
      <Filter>Core</Filter>
    </ClInclude>
    <ClInclude Include="src\DXEngine.h" />
    <ClInclude Include="src\Event\ApplicationEvent.h">
      <Filter>Event</Filter>
    </ClInclude>
    <ClInclude Include="src\Event\Event.h">
      <Filter>Event</Filter>
    </ClInclude>
    <ClInclude Include="src\Event\KeyEvent.h">
      <Filter>Event</Filter>
    </ClInclude>
    <ClInclude Include="src\Event\MouseEvent.h">
      <Filter>Event</Filter>
    </ClInclude>
    <ClInclude Include="src\FrameTime.h" />
    <ClInclude Include="src\Ground.h" />
    <ClInclude Include="src\LightSphere.h" />
    <ClInclude Include="src\Main.h" />
    <ClInclude Include="src\SkySphere.h" />
    <ClInclude Include="src\Window.h" />
    <ClInclude Include="src\camera\Camera.h">
      <Filter>camera</Filter>
    </ClInclude>
    <ClInclude Include="src\camera\CameraBehavior.h">
      <Filter>camera</Filter>
    </ClInclude>
    <ClInclude Include="src\camera\CameraController.h">
      <Filter>camera</Filter>
    </ClInclude>
    <ClInclude Include="src\camera\FreeLookBehavior.h">
      <Filter>camera</Filter>
    </ClInclude>
    <ClInclude Include="src\camera\MovementBehavior.h">
      <Filter>camera</Filter>
    </ClInclude>
    <ClInclude Include="src\dxpch.h" />
    <ClInclude Include="src\models\InstanceModel.h">
      <Filter>models</Filter>
    </ClInclude>
    <ClInclude Include="src\models\Model.h">
      <Filter>models</Filter>
    </ClInclude>
    <ClInclude Include="src\models\ModelLoader.h">
      <Filter>models</Filter>
    </ClInclude>
    <ClInclude Include="src\models\SkinnedModel.h">
      <Filter>models</Filter>
    </ClInclude>
    <ClInclude Include="src\picking\InterfacePickable.h">
      <Filter>picking</Filter>
    </ClInclude>
    <ClInclude Include="src\picking\PickingManager.h">
      <Filter>picking</Filter>
    </ClInclude>
    <ClInclude Include="src\picking\Ray.h">
      <Filter>picking</Filter>
    </ClInclude>
    <ClInclude Include="src\renderer\Renderer.h">
      <Filter>renderer</Filter>
    </ClInclude>
    <ClInclude Include="src\renderer\RendererCommand.h">
      <Filter>renderer</Filter>
    </ClInclude>
    <ClInclude Include="src\resource.h" />
    <ClInclude Include="src\shaders\ShaderManager.h">
      <Filter>shaders</Filter>
    </ClInclude>
    <ClInclude Include="src\shaders\ShaderProgram.h">
      <Filter>shaders</Filter>
    </ClInclude>
    <ClInclude Include="src\utils\Buffer.h">
      <Filter>utils</Filter>
    </ClInclude>
    <ClInclude Include="src\utils\ConstantBufferTypes.h">
      <Filter>utils</Filter>
    </ClInclude>
    <ClInclude Include="src\utils\CubeMapTexture.h">
      <Filter>utils</Filter>
    </ClInclude>
    <ClInclude Include="src\utils\Light.h">
      <Filter>utils</Filter>
    </ClInclude>
    <ClInclude Include="src\utils\Mesh\InstanceMesh.h">
      <Filter>utils\Mesh</Filter>
    </ClInclude>
    <ClInclude Include="src\utils\Mesh\Mesh.h">
      <Filter>utils\Mesh</Filter>
    </ClInclude>
    <ClInclude Include="src\utils\Mesh\Resource\InstanceMeshResource.h">
      <Filter>utils\Mesh\Resource</Filter>
    </ClInclude>
    <ClInclude Include="src\utils\Mesh\Resource\MeshResource.h">
      <Filter>utils\Mesh\Resource</Filter>
    </ClInclude>
    <ClInclude Include="src\utils\Mesh\Resource\SkinnedMeshResource.h">
      <Filter>utils\Mesh\Resource</Filter>
    </ClInclude>
    <ClInclude Include="src\utils\Mesh\SkinnedMesh.h">
      <Filter>utils\Mesh</Filter>
    </ClInclude>
    <ClInclude Include="src\utils\Mesh\Utils\IndexData.h">
      <Filter>utils\Mesh\Utils</Filter>
    </ClInclude>
    <ClInclude Include="src\utils\Mesh\Utils\InputManager.h">
      <Filter>utils\Mesh\Utils</Filter>
    </ClInclude>
    <ClInclude Include="src\utils\Mesh\Utils\MeshBuffers.h">
      <Filter>utils\Mesh\Utils</Filter>
    </ClInclude>
    <ClInclude Include="src\utils\Mesh\Utils\VertexAttribute.h">
      <Filter>utils\Mesh\Utils</Filter>
    </ClInclude>
    <ClInclude Include="src\utils\PixelShader.h">
      <Filter>utils</Filter>
    </ClInclude>
    <ClInclude Include="src\utils\Sampler.h">
      <Filter>utils</Filter>
    </ClInclude>
    <ClInclude Include="src\utils\Texture.h">
      <Filter>utils</Filter>
    </ClInclude>
    <ClInclude Include="src\utils\Topology.h">
      <Filter>utils</Filter>
    </ClInclude>
    <ClInclude Include="src\utils\Transform.h">
      <Filter>utils</Filter>
    </ClInclude>
    <ClInclude Include="src\utils\UI\UIButton.h">
      <Filter>utils\UI</Filter>
    </ClInclude>
    <ClInclude Include="src\utils\UI\UIElement.h">
      <Filter>utils\UI</Filter>
    </ClInclude>
    <ClInclude Include="src\utils\UI\UILayer.h">
      <Filter>utils\UI</Filter>
    </ClInclude>
    <ClInclude Include="src\utils\UI\UIManager.h">
      <Filter>utils\UI</Filter>
    </ClInclude>
    <ClInclude Include="src\utils\UI\UIPanel.h">
      <Filter>utils\UI</Filter>
    </ClInclude>
    <ClInclude Include="src\utils\UI\UIText.h">
      <Filter>utils\UI</Filter>
    </ClInclude>
    <ClInclude Include="src\utils\VertexShader.h">
      <Filter>utils</Filter>
    </ClInclude>
    <ClInclude Include="src\utils\material\Material.h">
      <Filter>utils\material</Filter>
    </ClInclude>
    <ClInclude Include="src\utils\material\MaterialProperties.h">
      <Filter>utils\material</Filter>
    </ClInclude>
    <ClInclude Include="src\utils\material\MaterialTypes.h">
      <Filter>utils\material</Filter>
    </ClInclude>
    <ClInclude Include="src\windows\WindowsInput.h">
      <Filter>windows</Filter>
    </ClInclude>
  </ItemGroup>
  <ItemGroup>
    <ClCompile Include="src\Application.cpp" />
    <ClCompile Include="src\Ball.cpp" />
    <ClCompile Include="src\Core\Input.cpp">
      <Filter>Core</Filter>
    </ClCompile>
    <ClCompile Include="src\Core\Layer.cpp">
      <Filter>Core</Filter>
    </ClCompile>
    <ClCompile Include="src\Core\LayerStack.cpp">
      <Filter>Core</Filter>
    </ClCompile>
    <ClCompile Include="src\FrameTime.cpp" />
    <ClCompile Include="src\Ground.cpp" />
    <ClCompile Include="src\LightSphere.cpp" />
    <ClCompile Include="src\SkySphere.cpp" />
    <ClCompile Include="src\Window.cpp" />
    <ClCompile Include="src\camera\Camera.cpp">
      <Filter>camera</Filter>
    </ClCompile>
    <ClCompile Include="src\camera\CameraController.cpp">
      <Filter>camera</Filter>
    </ClCompile>
    <ClCompile Include="src\camera\FreeLookBehavior.cpp">
      <Filter>camera</Filter>
    </ClCompile>
    <ClCompile Include="src\camera\MovementBehavior.cpp">
      <Filter>camera</Filter>
    </ClCompile>
    <ClCompile Include="src\dxpch.cpp" />
    <ClCompile Include="src\models\InstanceModel.cpp">
      <Filter>models</Filter>
    </ClCompile>
    <ClCompile Include="src\models\Model.cpp">
      <Filter>models</Filter>
    </ClCompile>
    <ClCompile Include="src\models\ModelLoader.cpp">
      <Filter>models</Filter>
    </ClCompile>
    <ClCompile Include="src\models\SkinnedModel.cpp">
      <Filter>models</Filter>
    </ClCompile>
    <ClCompile Include="src\picking\PickingManager.cpp">
      <Filter>picking</Filter>
    </ClCompile>
    <ClCompile Include="src\picking\Ray.cpp">
      <Filter>picking</Filter>
    </ClCompile>
    <ClCompile Include="src\renderer\Renderer.cpp">
      <Filter>renderer</Filter>
    </ClCompile>
    <ClCompile Include="src\renderer\RendererCommand.cpp">
      <Filter>renderer</Filter>
    </ClCompile>
    <ClCompile Include="src\shaders\ShaderManager.cpp">
      <Filter>shaders</Filter>
    </ClCompile>
    <ClCompile Include="src\shaders\ShaderProgram.cpp">
      <Filter>shaders</Filter>
    </ClCompile>
    <ClCompile Include="src\utils\Buffer.cpp">
      <Filter>utils</Filter>
    </ClCompile>
    <ClCompile Include="src\utils\CubeMapTexture.cpp">
      <Filter>utils</Filter>
    </ClCompile>
    <ClCompile Include="src\utils\Light.cpp">
      <Filter>utils</Filter>
    </ClCompile>
    <ClCompile Include="src\utils\Mesh\InstanceMesh.cpp">
      <Filter>utils\Mesh</Filter>
    </ClCompile>
    <ClCompile Include="src\utils\Mesh\Mesh.cpp">
      <Filter>utils\Mesh</Filter>
    </ClCompile>
    <ClCompile Include="src\utils\Mesh\Resource\InstanceMeshResource.cpp">
      <Filter>utils\Mesh\Resource</Filter>
    </ClCompile>
    <ClCompile Include="src\utils\Mesh\Resource\MeshResource.cpp">
      <Filter>utils\Mesh\Resource</Filter>
    </ClCompile>
    <ClCompile Include="src\utils\Mesh\Resource\SkinnedMeshResource.cpp">
      <Filter>utils\Mesh\Resource</Filter>
    </ClCompile>
    <ClCompile Include="src\utils\Mesh\SkinnedMesh.cpp">
      <Filter>utils\Mesh</Filter>
    </ClCompile>
    <ClCompile Include="src\utils\Mesh\Utils\IndexData.cpp">
      <Filter>utils\Mesh\Utils</Filter>
    </ClCompile>
    <ClCompile Include="src\utils\Mesh\Utils\InputManager.cpp">
      <Filter>utils\Mesh\Utils</Filter>
    </ClCompile>
    <ClCompile Include="src\utils\Mesh\Utils\MeshBuffers.cpp">
      <Filter>utils\Mesh\Utils</Filter>
    </ClCompile>
    <ClCompile Include="src\utils\Mesh\Utils\VertexAttribute.cpp">
      <Filter>utils\Mesh\Utils</Filter>
    </ClCompile>
    <ClCompile Include="src\utils\PixelShader.cpp">
      <Filter>utils</Filter>
    </ClCompile>
    <ClCompile Include="src\utils\Sampler.cpp">
      <Filter>utils</Filter>
    </ClCompile>
    <ClCompile Include="src\utils\Texture.cpp">
      <Filter>utils</Filter>
    </ClCompile>
    <ClCompile Include="src\utils\Topology.cpp">
      <Filter>utils</Filter>
    </ClCompile>
    <ClCompile Include="src\utils\Transform.cpp">
      <Filter>utils</Filter>
    </ClCompile>
    <ClCompile Include="src\utils\UI\UIButton.cpp">
      <Filter>utils\UI</Filter>
    </ClCompile>
    <ClCompile Include="src\utils\UI\UIElement.cpp">
      <Filter>utils\UI</Filter>
    </ClCompile>
    <ClCompile Include="src\utils\UI\UILayer.cpp">
      <Filter>utils\UI</Filter>
    </ClCompile>
    <ClCompile Include="src\utils\UI\UIManager.cpp">
      <Filter>utils\UI</Filter>
    </ClCompile>
    <ClCompile Include="src\utils\UI\UIPanel.cpp">
      <Filter>utils\UI</Filter>
    </ClCompile>
    <ClCompile Include="src\utils\UI\UIText.cpp">
      <Filter>utils\UI</Filter>
    </ClCompile>
    <ClCompile Include="src\utils\VertexShader.cpp">
      <Filter>utils</Filter>
    </ClCompile>
    <ClCompile Include="src\utils\material\Material.cpp">
      <Filter>utils\material</Filter>
    </ClCompile>
    <ClCompile Include="src\windows\WindowsInput.cpp">
      <Filter>windows</Filter>
    </ClCompile>
  </ItemGroup>
</Project>